
Microsoft Visual Studio Solution File, Format Version 12.00
# Visual Studio Version 17
VisualStudioVersion = 17.3.32901.215
MinimumVisualStudioVersion = 10.0.40219.1
Project("{FAE04EC0-301F-11D3-BF4B-00C04F79EFBC}") = "XamlDesigner", "SharpDevelop XAMLDesigner\XamlDesigner.csproj", "{25A72E4C-F872-4360-974B-26A115CC5A76}"
EndProject
Project("{FAE04EC0-301F-11D3-BF4B-00C04F79EFBC}") = "KillDesigner", "KillDesigner\KillDesigner.csproj", "{E251F4D2-8341-4AA1-8029-9C515B2A3B21}"
EndProject
Global
	GlobalSection(SolutionConfigurationPlatforms) = preSolution
		Debug|Any CPU = Debug|Any CPU
		Release|Any CPU = Release|Any CPU
	EndGlobalSection
	GlobalSection(ProjectConfigurationPlatforms) = postSolution
		{25A72E4C-F872-4360-974B-26A115CC5A76}.Debug|Any CPU.ActiveCfg = Debug|Any CPU
		{25A72E4C-F872-4360-974B-26A115CC5A76}.Debug|Any CPU.Build.0 = Debug|Any CPU
		{25A72E4C-F872-4360-974B-26A115CC5A76}.Release|Any CPU.ActiveCfg = Release|Any CPU
		{25A72E4C-F872-4360-974B-26A115CC5A76}.Release|Any CPU.Build.0 = Release|Any CPU
		{E251F4D2-8341-4AA1-8029-9C515B2A3B21}.Debug|Any CPU.ActiveCfg = Debug|Any CPU
		{E251F4D2-8341-4AA1-8029-9C515B2A3B21}.Debug|Any CPU.Build.0 = Debug|Any CPU
		{E251F4D2-8341-4AA1-8029-9C515B2A3B21}.Release|Any CPU.ActiveCfg = Release|Any CPU
		{E251F4D2-8341-4AA1-8029-9C515B2A3B21}.Release|Any CPU.Build.0 = Release|Any CPU
	EndGlobalSection
	GlobalSection(SolutionProperties) = preSolution
		HideSolutionNode = FALSE
	EndGlobalSection
	GlobalSection(ExtensibilityGlobals) = postSolution
		SolutionGuid = {AAAD6D81-0998-4ACF-96A3-7BEB0A441839}
	EndGlobalSection
EndGlobal
